
Microsoft Visual Studio Solution File, Format Version 12.00
# Visual Studio Version 16
VisualStudioVersion = 16.0.30002.166
MinimumVisualStudioVersion = 10.0.40219.1
Project("{FAE04EC0-301F-11D3-BF4B-00C04F79EFBC}") = "MovieLease", "MovieLease.csproj", "{078AA8A6-ADC0-4CCD-8200-D4EF4A9BF06E}"
EndProject
Project("{FAE04EC0-301F-11D3-BF4B-00C04F79EFBC}") = "MovieLease.Models", "..\MovieLease.Models\MovieLease.Models.csproj", "{8D5AEB36-A986-49EC-BCBD-4755DEB182C4}"
EndProject
Project("{FAE04EC0-301F-11D3-BF4B-00C04F79EFBC}") = "MovieLease.Services", "..\MovieLease.Services\MovieLease.Services.csproj", "{ACF54DFE-211F-4042-81D3-19293B707117}"
EndProject
Global
	GlobalSection(SolutionConfigurationPlatforms) = preSolution
		Debug|Any CPU = Debug|Any CPU
		Release|Any CPU = Release|Any CPU
	EndGlobalSection
	GlobalSection(ProjectConfigurationPlatforms) = postSolution
		{078AA8A6-ADC0-4CCD-8200-D4EF4A9BF06E}.Debug|Any CPU.ActiveCfg = Debug|Any CPU
		{078AA8A6-ADC0-4CCD-8200-D4EF4A9BF06E}.Debug|Any CPU.Build.0 = Debug|Any CPU
		{078AA8A6-ADC0-4CCD-8200-D4EF4A9BF06E}.Release|Any CPU.ActiveCfg = Release|Any CPU
		{078AA8A6-ADC0-4CCD-8200-D4EF4A9BF06E}.Release|Any CPU.Build.0 = Release|Any CPU
		{8D5AEB36-A986-49EC-BCBD-4755DEB182C4}.Debug|Any CPU.ActiveCfg = Debug|Any CPU
		{8D5AEB36-A986-49EC-BCBD-4755DEB182C4}.Debug|Any CPU.Build.0 = Debug|Any CPU
		{8D5AEB36-A986-49EC-BCBD-4755DEB182C4}.Release|Any CPU.ActiveCfg = Release|Any CPU
		{8D5AEB36-A986-49EC-BCBD-4755DEB182C4}.Release|Any CPU.Build.0 = Release|Any CPU
		{ACF54DFE-211F-4042-81D3-19293B707117}.Debug|Any CPU.ActiveCfg = Debug|Any CPU
		{ACF54DFE-211F-4042-81D3-19293B707117}.Debug|Any CPU.Build.0 = Debug|Any CPU
		{ACF54DFE-211F-4042-81D3-19293B707117}.Release|Any CPU.ActiveCfg = Release|Any CPU
		{ACF54DFE-211F-4042-81D3-19293B707117}.Release|Any CPU.Build.0 = Release|Any CPU
	EndGlobalSection
	GlobalSection(SolutionProperties) = preSolution
		HideSolutionNode = FALSE
	EndGlobalSection
	GlobalSection(ExtensibilityGlobals) = postSolution
		SolutionGuid = {A7F34A80-5820-43C5-BC23-C5ABA19B9999}
	EndGlobalSection
EndGlobal
